<Solution>
  <Folder Name="/src/">
    <Project Path="src/CCValidator.AspNetCore/CCValidator.AspNetCore.csproj" />
    <Project Path="src/CCValidator.DependencyInjection/CCValidator.DependencyInjection.csproj" />
    <Project Path="src/CCValidator/CCValidator.csproj" />
  </Folder>
  <Folder Name="/tests/">
    <Project Path="tests/CCValidator.Tests/CCValidator.Tests.csproj" />
  </Folder>
</Solution>
